
Microsoft Visual Studio Solution File, Format Version 12.00
# Visual Studio Version 16
VisualStudioVersion = 16.0.29920.165
MinimumVisualStudioVersion = 10.0.40219.1
Project("{FAE04EC0-301F-11D3-BF4B-00C04F79EFBC}") = "FTPClient", "FTPClient\FTPClient.csproj", "{C2380199-5F20-4547-A399-76B643128472}"
EndProject
Project("{FAE04EC0-301F-11D3-BF4B-00C04F79EFBC}") = "FTPUtil", "FTPUtil\FTPUtil.csproj", "{7F70B075-F18E-4889-8CC4-C4259F21813B}"
EndProject
Project("{FAE04EC0-301F-11D3-BF4B-00C04F79EFBC}") = "UnitTest", "UnitTest\UnitTest.csproj", "{023FC15B-8E2D-4A8F-924C-2F72993CEC87}"
EndProject
Global
	GlobalSection(SolutionConfigurationPlatforms) = preSolution
		Debug|Any CPU = Debug|Any CPU
		Release|Any CPU = Release|Any CPU
	EndGlobalSection
	GlobalSection(ProjectConfigurationPlatforms) = postSolution
		{C2380199-5F20-4547-A399-76B643128472}.Debug|Any CPU.ActiveCfg = Debug|Any CPU
		{C2380199-5F20-4547-A399-76B643128472}.Debug|Any CPU.Build.0 = Debug|Any CPU
		{C2380199-5F20-4547-A399-76B643128472}.Release|Any CPU.ActiveCfg = Release|Any CPU
		{C2380199-5F20-4547-A399-76B643128472}.Release|Any CPU.Build.0 = Release|Any CPU
		{7F70B075-F18E-4889-8CC4-C4259F21813B}.Debug|Any CPU.ActiveCfg = Debug|Any CPU
		{7F70B075-F18E-4889-8CC4-C4259F21813B}.Debug|Any CPU.Build.0 = Debug|Any CPU
		{7F70B075-F18E-4889-8CC4-C4259F21813B}.Release|Any CPU.ActiveCfg = Release|Any CPU
		{7F70B075-F18E-4889-8CC4-C4259F21813B}.Release|Any CPU.Build.0 = Release|Any CPU
		{023FC15B-8E2D-4A8F-924C-2F72993CEC87}.Debug|Any CPU.ActiveCfg = Debug|Any CPU
		{023FC15B-8E2D-4A8F-924C-2F72993CEC87}.Debug|Any CPU.Build.0 = Debug|Any CPU
		{023FC15B-8E2D-4A8F-924C-2F72993CEC87}.Release|Any CPU.ActiveCfg = Release|Any CPU
		{023FC15B-8E2D-4A8F-924C-2F72993CEC87}.Release|Any CPU.Build.0 = Release|Any CPU
	EndGlobalSection
	GlobalSection(SolutionProperties) = preSolution
		HideSolutionNode = FALSE
	EndGlobalSection
	GlobalSection(ExtensibilityGlobals) = postSolution
		SolutionGuid = {1E05272B-D3EC-4A74-BB46-17E25D19D203}
	EndGlobalSection
EndGlobal
